
Microsoft Visual Studio Solution File, Format Version 11.00
# Visual Studio 2010
Project("{FAE04EC0-301F-11D3-BF4B-00C04F79EFBC}") = "NHibernate.AdoNet.NpgsqlClientBatcher", "NHibernate.AdoNet.NpgsqlClientBatcher\NHibernate.AdoNet.NpgsqlClientBatcher.csproj", "{9E832EB3-549E-4B39-800F-6C9809720579}"
EndProject
Global
	GlobalSection(SolutionConfigurationPlatforms) = preSolution
		Debug|Any CPU = Debug|Any CPU
		Release|Any CPU = Release|Any CPU
	EndGlobalSection
	GlobalSection(ProjectConfigurationPlatforms) = postSolution
		{9E832EB3-549E-4B39-800F-6C9809720579}.Debug|Any CPU.ActiveCfg = Debug|Any CPU
		{9E832EB3-549E-4B39-800F-6C9809720579}.Debug|Any CPU.Build.0 = Debug|Any CPU
		{9E832EB3-549E-4B39-800F-6C9809720579}.Release|Any CPU.ActiveCfg = Release|Any CPU
		{9E832EB3-549E-4B39-800F-6C9809720579}.Release|Any CPU.Build.0 = Release|Any CPU
	EndGlobalSection
	GlobalSection(SolutionProperties) = preSolution
		HideSolutionNode = FALSE
	EndGlobalSection
EndGlobal
